
Microsoft Visual Studio Solution File, Format Version 12.00
# Visual Studio Version 16
VisualStudioVersion = 16.0.32413.511
MinimumVisualStudioVersion = 10.0.40219.1
Project("{FAE04EC0-301F-11D3-BF4B-00C04F79EFBC}") = "u21437221_HW03", "u21437221_HW03\u21437221_HW03.csproj", "{88D910A0-A439-4B30-941C-1DE2006A35DC}"
EndProject
Global
	GlobalSection(SolutionConfigurationPlatforms) = preSolution
		Debug|Any CPU = Debug|Any CPU
		Release|Any CPU = Release|Any CPU
	EndGlobalSection
	GlobalSection(ProjectConfigurationPlatforms) = postSolution
		{88D910A0-A439-4B30-941C-1DE2006A35DC}.Debug|Any CPU.ActiveCfg = Debug|Any CPU
		{88D910A0-A439-4B30-941C-1DE2006A35DC}.Debug|Any CPU.Build.0 = Debug|Any CPU
		{88D910A0-A439-4B30-941C-1DE2006A35DC}.Release|Any CPU.ActiveCfg = Release|Any CPU
		{88D910A0-A439-4B30-941C-1DE2006A35DC}.Release|Any CPU.Build.0 = Release|Any CPU
	EndGlobalSection
	GlobalSection(SolutionProperties) = preSolution
		HideSolutionNode = FALSE
	EndGlobalSection
	GlobalSection(ExtensibilityGlobals) = postSolution
		SolutionGuid = {BC91AF47-B9BF-41A5-9DF5-95ECD795EB96}
	EndGlobalSection
EndGlobal
